
Microsoft Visual Studio Solution File, Format Version 12.00
# Visual Studio Version 17
VisualStudioVersion = 17.0.31903.59
MinimumVisualStudioVersion = 10.0.40219.1
Project("{2150E333-8FDC-42A3-9474-1A3956D46DE8}") = "src", "src", "{245B840A-8BAD-43F8-A8A2-7AC7F3237859}"
EndProject
Project("{FAE04EC0-301F-11D3-BF4B-00C04F79EFBC}") = "FUNBIDE.Domain", "src\FUNBIDE.Domain\FUNBIDE.Domain.csproj", "{03C38912-F21F-4164-8210-6DF207299605}"
EndProject
Project("{FAE04EC0-301F-11D3-BF4B-00C04F79EFBC}") = "FUNBIDE.Application", "src\FUNBIDE.Application\FUNBIDE.Application.csproj", "{81F5AECF-5A79-4C3E-AB25-206ED3FF4AC4}"
EndProject
Project("{FAE04EC0-301F-11D3-BF4B-00C04F79EFBC}") = "FUNBIDE.Infrastructure", "src\FUNBIDE.Infrastructure\FUNBIDE.Infrastructure.csproj", "{1AEB1F77-5441-4962-A408-885F1BFE48AA}"
EndProject
Project("{FAE04EC0-301F-11D3-BF4B-00C04F79EFBC}") = "FUNBIDE.API", "src\FUNBIDE.API\FUNBIDE.API.csproj", "{7EC94819-CAC5-4CC9-983A-2CB61658AD02}"
EndProject
Project("{FAE04EC0-301F-11D3-BF4B-00C04F79EFBC}") = "FUNBIDE.Domain.Tests", "src\FUNBIDE.Domain.Tests\FUNBIDE.Domain.Tests.csproj", "{C99FD96A-BD41-461C-AD7D-22B5D70699B8}"
EndProject
Project("{FAE04EC0-301F-11D3-BF4B-00C04F79EFBC}") = "FUNBIDE.Application.Tests", "src\FUNBIDE.Application.Tests\FUNBIDE.Application.Tests.csproj", "{A97A402A-F8BF-4CD8-A6F0-436D66B10103}"
EndProject
Project("{2150E333-8FDC-42A3-9474-1A3956D46DE8}") = "launcher", "launcher", "{740C5202-8AD2-6D86-0CA9-F95B1A2D697C}"
EndProject
Project("{FAE04EC0-301F-11D3-BF4B-00C04F79EFBC}") = "FUNBIDE.Launcher", "launcher\FUNBIDE.Launcher.csproj", "{07C7D235-B195-4985-B608-130407912336}"
EndProject
Project("{FAE04EC0-301F-11D3-BF4B-00C04F79EFBC}") = "FUNBIDE.API.Tests", "src\FUNBIDE.API.Tests\FUNBIDE.API.Tests.csproj", "{A88A6C19-588A-4F62-B07D-A84284FEF5F4}"
EndProject
Global
	GlobalSection(SolutionConfigurationPlatforms) = preSolution
		Debug|Any CPU = Debug|Any CPU
		Debug|x64 = Debug|x64
		Debug|x86 = Debug|x86
		Release|Any CPU = Release|Any CPU
		Release|x64 = Release|x64
		Release|x86 = Release|x86
	EndGlobalSection
	GlobalSection(ProjectConfigurationPlatforms) = postSolution
		{03C38912-F21F-4164-8210-6DF207299605}.Debug|Any CPU.ActiveCfg = Debug|Any CPU
		{03C38912-F21F-4164-8210-6DF207299605}.Debug|Any CPU.Build.0 = Debug|Any CPU
		{03C38912-F21F-4164-8210-6DF207299605}.Debug|x64.ActiveCfg = Debug|Any CPU
		{03C38912-F21F-4164-8210-6DF207299605}.Debug|x64.Build.0 = Debug|Any CPU
		{03C38912-F21F-4164-8210-6DF207299605}.Debug|x86.ActiveCfg = Debug|Any CPU
		{03C38912-F21F-4164-8210-6DF207299605}.Debug|x86.Build.0 = Debug|Any CPU
		{03C38912-F21F-4164-8210-6DF207299605}.Release|Any CPU.ActiveCfg = Release|Any CPU
		{03C38912-F21F-4164-8210-6DF207299605}.Release|Any CPU.Build.0 = Release|Any CPU
		{03C38912-F21F-4164-8210-6DF207299605}.Release|x64.ActiveCfg = Release|Any CPU
		{03C38912-F21F-4164-8210-6DF207299605}.Release|x64.Build.0 = Release|Any CPU
		{03C38912-F21F-4164-8210-6DF207299605}.Release|x86.ActiveCfg = Release|Any CPU
		{03C38912-F21F-4164-8210-6DF207299605}.Release|x86.Build.0 = Release|Any CPU
		{81F5AECF-5A79-4C3E-AB25-206ED3FF4AC4}.Debug|Any CPU.ActiveCfg = Debug|Any CPU
		{81F5AECF-5A79-4C3E-AB25-206ED3FF4AC4}.Debug|Any CPU.Build.0 = Debug|Any CPU
		{81F5AECF-5A79-4C3E-AB25-206ED3FF4AC4}.Debug|x64.ActiveCfg = Debug|Any CPU
		{81F5AECF-5A79-4C3E-AB25-206ED3FF4AC4}.Debug|x64.Build.0 = Debug|Any CPU
		{81F5AECF-5A79-4C3E-AB25-206ED3FF4AC4}.Debug|x86.ActiveCfg = Debug|Any CPU
		{81F5AECF-5A79-4C3E-AB25-206ED3FF4AC4}.Debug|x86.Build.0 = Debug|Any CPU
		{81F5AECF-5A79-4C3E-AB25-206ED3FF4AC4}.Release|Any CPU.ActiveCfg = Release|Any CPU
		{81F5AECF-5A79-4C3E-AB25-206ED3FF4AC4}.Release|Any CPU.Build.0 = Release|Any CPU
		{81F5AECF-5A79-4C3E-AB25-206ED3FF4AC4}.Release|x64.ActiveCfg = Release|Any CPU
		{81F5AECF-5A79-4C3E-AB25-206ED3FF4AC4}.Release|x64.Build.0 = Release|Any CPU
		{81F5AECF-5A79-4C3E-AB25-206ED3FF4AC4}.Release|x86.ActiveCfg = Release|Any CPU
		{81F5AECF-5A79-4C3E-AB25-206ED3FF4AC4}.Release|x86.Build.0 = Release|Any CPU
		{1AEB1F77-5441-4962-A408-885F1BFE48AA}.Debug|Any CPU.ActiveCfg = Debug|Any CPU
		{1AEB1F77-5441-4962-A408-885F1BFE48AA}.Debug|Any CPU.Build.0 = Debug|Any CPU
		{1AEB1F77-5441-4962-A408-885F1BFE48AA}.Debug|x64.ActiveCfg = Debug|Any CPU
		{1AEB1F77-5441-4962-A408-885F1BFE48AA}.Debug|x64.Build.0 = Debug|Any CPU
		{1AEB1F77-5441-4962-A408-885F1BFE48AA}.Debug|x86.ActiveCfg = Debug|Any CPU
		{1AEB1F77-5441-4962-A408-885F1BFE48AA}.Debug|x86.Build.0 = Debug|Any CPU
		{1AEB1F77-5441-4962-A408-885F1BFE48AA}.Release|Any CPU.ActiveCfg = Release|Any CPU
		{1AEB1F77-5441-4962-A408-885F1BFE48AA}.Release|Any CPU.Build.0 = Release|Any CPU
		{1AEB1F77-5441-4962-A408-885F1BFE48AA}.Release|x64.ActiveCfg = Release|Any CPU
		{1AEB1F77-5441-4962-A408-885F1BFE48AA}.Release|x64.Build.0 = Release|Any CPU
		{1AEB1F77-5441-4962-A408-885F1BFE48AA}.Release|x86.ActiveCfg = Release|Any CPU
		{1AEB1F77-5441-4962-A408-885F1BFE48AA}.Release|x86.Build.0 = Release|Any CPU
		{7EC94819-CAC5-4CC9-983A-2CB61658AD02}.Debug|Any CPU.ActiveCfg = Debug|Any CPU
		{7EC94819-CAC5-4CC9-983A-2CB61658AD02}.Debug|Any CPU.Build.0 = Debug|Any CPU
		{7EC94819-CAC5-4CC9-983A-2CB61658AD02}.Debug|x64.ActiveCfg = Debug|Any CPU
		{7EC94819-CAC5-4CC9-983A-2CB61658AD02}.Debug|x64.Build.0 = Debug|Any CPU
		{7EC94819-CAC5-4CC9-983A-2CB61658AD02}.Debug|x86.ActiveCfg = Debug|Any CPU
		{7EC94819-CAC5-4CC9-983A-2CB61658AD02}.Debug|x86.Build.0 = Debug|Any CPU
		{7EC94819-CAC5-4CC9-983A-2CB61658AD02}.Release|Any CPU.ActiveCfg = Release|Any CPU
		{7EC94819-CAC5-4CC9-983A-2CB61658AD02}.Release|Any CPU.Build.0 = Release|Any CPU
		{7EC94819-CAC5-4CC9-983A-2CB61658AD02}.Release|x64.ActiveCfg = Release|Any CPU
		{7EC94819-CAC5-4CC9-983A-2CB61658AD02}.Release|x64.Build.0 = Release|Any CPU
		{7EC94819-CAC5-4CC9-983A-2CB61658AD02}.Release|x86.ActiveCfg = Release|Any CPU
		{7EC94819-CAC5-4CC9-983A-2CB61658AD02}.Release|x86.Build.0 = Release|Any CPU
		{C99FD96A-BD41-461C-AD7D-22B5D70699B8}.Debug|Any CPU.ActiveCfg = Debug|Any CPU
		{C99FD96A-BD41-461C-AD7D-22B5D70699B8}.Debug|Any CPU.Build.0 = Debug|Any CPU
		{C99FD96A-BD41-461C-AD7D-22B5D70699B8}.Debug|x64.ActiveCfg = Debug|Any CPU
		{C99FD96A-BD41-461C-AD7D-22B5D70699B8}.Debug|x64.Build.0 = Debug|Any CPU
		{C99FD96A-BD41-461C-AD7D-22B5D70699B8}.Debug|x86.ActiveCfg = Debug|Any CPU
		{C99FD96A-BD41-461C-AD7D-22B5D70699B8}.Debug|x86.Build.0 = Debug|Any CPU
		{C99FD96A-BD41-461C-AD7D-22B5D70699B8}.Release|Any CPU.ActiveCfg = Release|Any CPU
		{C99FD96A-BD41-461C-AD7D-22B5D70699B8}.Release|Any CPU.Build.0 = Release|Any CPU
		{C99FD96A-BD41-461C-AD7D-22B5D70699B8}.Release|x64.ActiveCfg = Release|Any CPU
		{C99FD96A-BD41-461C-AD7D-22B5D70699B8}.Release|x64.Build.0 = Release|Any CPU
		{C99FD96A-BD41-461C-AD7D-22B5D70699B8}.Release|x86.ActiveCfg = Release|Any CPU
		{C99FD96A-BD41-461C-AD7D-22B5D70699B8}.Release|x86.Build.0 = Release|Any CPU
		{A97A402A-F8BF-4CD8-A6F0-436D66B10103}.Debug|Any CPU.ActiveCfg = Debug|Any CPU
		{A97A402A-F8BF-4CD8-A6F0-436D66B10103}.Debug|Any CPU.Build.0 = Debug|Any CPU
		{A97A402A-F8BF-4CD8-A6F0-436D66B10103}.Debug|x64.ActiveCfg = Debug|Any CPU
		{A97A402A-F8BF-4CD8-A6F0-436D66B10103}.Debug|x64.Build.0 = Debug|Any CPU
		{A97A402A-F8BF-4CD8-A6F0-436D66B10103}.Debug|x86.ActiveCfg = Debug|Any CPU
		{A97A402A-F8BF-4CD8-A6F0-436D66B10103}.Debug|x86.Build.0 = Debug|Any CPU
		{A97A402A-F8BF-4CD8-A6F0-436D66B10103}.Release|Any CPU.ActiveCfg = Release|Any CPU
		{A97A402A-F8BF-4CD8-A6F0-436D66B10103}.Release|Any CPU.Build.0 = Release|Any CPU
		{A97A402A-F8BF-4CD8-A6F0-436D66B10103}.Release|x64.ActiveCfg = Release|Any CPU
		{A97A402A-F8BF-4CD8-A6F0-436D66B10103}.Release|x64.Build.0 = Release|Any CPU
		{A97A402A-F8BF-4CD8-A6F0-436D66B10103}.Release|x86.ActiveCfg = Release|Any CPU
		{A97A402A-F8BF-4CD8-A6F0-436D66B10103}.Release|x86.Build.0 = Release|Any CPU
		{07C7D235-B195-4985-B608-130407912336}.Debug|Any CPU.ActiveCfg = Debug|Any CPU
		{07C7D235-B195-4985-B608-130407912336}.Debug|Any CPU.Build.0 = Debug|Any CPU
		{07C7D235-B195-4985-B608-130407912336}.Debug|x64.ActiveCfg = Debug|Any CPU
		{07C7D235-B195-4985-B608-130407912336}.Debug|x64.Build.0 = Debug|Any CPU
		{07C7D235-B195-4985-B608-130407912336}.Debug|x86.ActiveCfg = Debug|Any CPU
		{07C7D235-B195-4985-B608-130407912336}.Debug|x86.Build.0 = Debug|Any CPU
		{07C7D235-B195-4985-B608-130407912336}.Release|Any CPU.ActiveCfg = Release|Any CPU
		{07C7D235-B195-4985-B608-130407912336}.Release|Any CPU.Build.0 = Release|Any CPU
		{07C7D235-B195-4985-B608-130407912336}.Release|x64.ActiveCfg = Release|Any CPU
		{07C7D235-B195-4985-B608-130407912336}.Release|x64.Build.0 = Release|Any CPU
		{07C7D235-B195-4985-B608-130407912336}.Release|x86.ActiveCfg = Release|Any CPU
		{07C7D235-B195-4985-B608-130407912336}.Release|x86.Build.0 = Release|Any CPU
		{A88A6C19-588A-4F62-B07D-A84284FEF5F4}.Debug|Any CPU.ActiveCfg = Debug|Any CPU
		{A88A6C19-588A-4F62-B07D-A84284FEF5F4}.Debug|Any CPU.Build.0 = Debug|Any CPU
		{A88A6C19-588A-4F62-B07D-A84284FEF5F4}.Debug|x64.ActiveCfg = Debug|Any CPU
		{A88A6C19-588A-4F62-B07D-A84284FEF5F4}.Debug|x64.Build.0 = Debug|Any CPU
		{A88A6C19-588A-4F62-B07D-A84284FEF5F4}.Debug|x86.ActiveCfg = Debug|Any CPU
		{A88A6C19-588A-4F62-B07D-A84284FEF5F4}.Debug|x86.Build.0 = Debug|Any CPU
		{A88A6C19-588A-4F62-B07D-A84284FEF5F4}.Release|Any CPU.ActiveCfg = Release|Any CPU
		{A88A6C19-588A-4F62-B07D-A84284FEF5F4}.Release|Any CPU.Build.0 = Release|Any CPU
		{A88A6C19-588A-4F62-B07D-A84284FEF5F4}.Release|x64.ActiveCfg = Release|Any CPU
		{A88A6C19-588A-4F62-B07D-A84284FEF5F4}.Release|x64.Build.0 = Release|Any CPU
		{A88A6C19-588A-4F62-B07D-A84284FEF5F4}.Release|x86.ActiveCfg = Release|Any CPU
		{A88A6C19-588A-4F62-B07D-A84284FEF5F4}.Release|x86.Build.0 = Release|Any CPU
	EndGlobalSection
	GlobalSection(SolutionProperties) = preSolution
		HideSolutionNode = FALSE
	EndGlobalSection
	GlobalSection(NestedProjects) = preSolution
		{03C38912-F21F-4164-8210-6DF207299605} = {245B840A-8BAD-43F8-A8A2-7AC7F3237859}
		{81F5AECF-5A79-4C3E-AB25-206ED3FF4AC4} = {245B840A-8BAD-43F8-A8A2-7AC7F3237859}
		{1AEB1F77-5441-4962-A408-885F1BFE48AA} = {245B840A-8BAD-43F8-A8A2-7AC7F3237859}
		{7EC94819-CAC5-4CC9-983A-2CB61658AD02} = {245B840A-8BAD-43F8-A8A2-7AC7F3237859}
		{C99FD96A-BD41-461C-AD7D-22B5D70699B8} = {245B840A-8BAD-43F8-A8A2-7AC7F3237859}
		{A97A402A-F8BF-4CD8-A6F0-436D66B10103} = {245B840A-8BAD-43F8-A8A2-7AC7F3237859}
		{07C7D235-B195-4985-B608-130407912336} = {740C5202-8AD2-6D86-0CA9-F95B1A2D697C}
		{A88A6C19-588A-4F62-B07D-A84284FEF5F4} = {245B840A-8BAD-43F8-A8A2-7AC7F3237859}
	EndGlobalSection
EndGlobal
